
Microsoft Visual Studio Solution File, Format Version 12.00
# Visual Studio Version 16
VisualStudioVersion = 16.0.31410.357
MinimumVisualStudioVersion = 10.0.40219.1
Project("{FAE04EC0-301F-11D3-BF4B-00C04F79EFBC}") = "WebApplication2", "WebApplication2\WebApplication2.csproj", "{487A7745-1060-45E7-B0D5-B8F08E544249}"
EndProject
Global
	GlobalSection(SolutionConfigurationPlatforms) = preSolution
		Debug|Any CPU = Debug|Any CPU
		Release|Any CPU = Release|Any CPU
	EndGlobalSection
	GlobalSection(ProjectConfigurationPlatforms) = postSolution
		{487A7745-1060-45E7-B0D5-B8F08E544249}.Debug|Any CPU.ActiveCfg = Debug|Any CPU
		{487A7745-1060-45E7-B0D5-B8F08E544249}.Debug|Any CPU.Build.0 = Debug|Any CPU
		{487A7745-1060-45E7-B0D5-B8F08E544249}.Release|Any CPU.ActiveCfg = Release|Any CPU
		{487A7745-1060-45E7-B0D5-B8F08E544249}.Release|Any CPU.Build.0 = Release|Any CPU
	EndGlobalSection
	GlobalSection(SolutionProperties) = preSolution
		HideSolutionNode = FALSE
	EndGlobalSection
	GlobalSection(ExtensibilityGlobals) = postSolution
		SolutionGuid = {F91DA042-B7F9-4C23-AE43-38AFC7CCE8F3}
	EndGlobalSection
EndGlobal
